{
  "name": "vendormaster",
  "version": "1.0.0",
  "lockfileVersion": 3,
  "requires": true,
  "packages": {
    "": {
      "name": "vendormaster",
      "version": "1.0.0",
      "devDependencies": {
        "@sap/ux-ui5-tooling": "^1"
      }
    },
    "node_modules/@sap/ux-ui5-tooling": {
      "version": "1.22.0",
      "resolved": "https://registry.npmjs.org/@sap/ux-ui5-tooling/-/ux-ui5-tooling-1.22.0.tgz",
      "integrity": "sha512-O1ROppehbCdKKZOprO+txG5h2Iz3vT5e/h/cIu/jtBdhVqwRl5DmABbc69Jl6lXNBIvtlasQSNCfBBU1Q6+CLQ==",
      "dev": true,
      "license": "SEE LICENSE IN LICENSE",
      "bin": {
        "fiori": "bin/fiori"
      }
    }
  }
}
